{
  "requires": true,
  "lockfileVersion": 1,
  "dependencies": {
    "redux-devtools-extension": {
      "version": "2.13.5",
      "resolved": "https://registry.npmjs.org/redux-devtools-extension/-/redux-devtools-extension-2.13.5.tgz",
      "integrity": "sha512-QQ9BRy77oURHMdGys9rfQcCQDzXZ1T4oW+eUyE5Cg7DNVau69HJzc4YNDMOmpi0Dzpi1zOQgQ2rUpgJta4Lfqg==",
      "dev": true
    }
  }
}
